{
  "object": {
    "pins": [
      {
        "package": "CCairo",
        "repositoryURL": "https://github.com/Kiwijane3/CCairo.git",
        "state": {
          "branch": "master",
          "revision": "e3246cc533690f8d84d79244d93dc83a93a8c9f7",
          "version": null
        }
      },
      {
        "package": "CFontConfig",
        "repositoryURL": "https://github.com/PureSwift/CFontConfig.git",
        "state": {
          "branch": "master",
          "revision": "149b01e9a29e265f785dc6ab5003b4a6f1074a5f",
          "version": null
        }
      },
      {
        "package": "CFreeType",
        "repositoryURL": "https://github.com/KiwiJane3/CFreeType.git",
        "state": {
          "branch": "master",
          "revision": "f3222893af2ae1ec62c7ada834ede525e2286d26",
          "version": null
        }
      }
    ]
  },
  "version": 1
}
